<Solution>
  <Folder Name="/00 Solution items/">
    <File Path=".dockerignore" />
    <File Path=".editorconfig" />
    <File Path=".gitignore" />
    <File Path="Directory.Build.props" />
    <File Path="Directory.Packages.props" />
    <File Path="Dockerfile" />
    <File Path="LICENSE.md" />
    <File Path="PlexToJellyfinSync.Debug.ruleset" />
    <File Path="PlexToJellyfinSync.Release.ruleset" />
    <File Path="README.md" />
    <File Path="src/GlobalSuppressions.cs" />
  </Folder>
  <Folder Name="/Projects/">
    <Project Path="src/PlexToJellyfinSync.Core/PlexToJellyfinSync.Core.csproj" />
    <Project Path="src/PlexToJellyfinSync.Data/PlexToJellyfinSync.Data.csproj" />
    <Project Path="src/PlexToJellyfinSync.Service/PlexToJellyfinSync.Service.csproj" />
    <Project Path="src/PlexToJellyfinSync/PlexToJellyfinSync.csproj" />
  </Folder>
  <Folder Name="/Unittests/">
    <Project Path="tests/PlexToJellyfinSync.Tests/PlexToJellyfinSync.Tests.csproj" />
  </Folder>
</Solution>
